// !$*UTF8*$!
{
	archiveVersion = 1;
	classes = {
	};
	objectVersion = 55;
	objects = {

/* Begin PBXBuildFile section */
		5F6D349428E3B41B00982344 /* DetailViewController.m in Sources */ = {isa = PBXBuildFile; fileRef = 5F6D349328E3B41B00982344 /* DetailViewController.m */; };
		5FA7502C28E2A2F70031AD3C /* AppDelegate.m in Sources */ = {isa = PBXBuildFile; fileRef = 5FA7502B28E2A2F70031AD3C /* AppDelegate.m */; };
		5FA7502F28E2A2F70031AD3C /* SceneDelegate.m in Sources */ = {isa = PBXBuildFile; fileRef = 5FA7502E28E2A2F70031AD3C /* SceneDelegate.m */; };
		5FA7503228E2A2F70031AD3C /* ViewController.m in Sources */ = {isa = PBXBuildFile; fileRef = 5FA7503128E2A2F70031AD3C /* ViewController.m */; };
		5FA7503528E2A2F70031AD3C /* Main.storyboard in Resources */ = {isa = PBXBuildFile; fileRef = 5FA7503328E2A2F70031AD3C /* Main.storyboard */; };
		5FA7503728E2A2F80031AD3C /* Assets.xcassets in Resources */ = {isa = PBXBuildFile; fileRef = 5FA7503628E2A2F80031AD3C /* Assets.xcassets */; };
		5FA7503A28E2A2F80031AD3C /* LaunchScreen.storyboard in Resources */ = {isa = PBXBuildFile; fileRef = 5FA7503828E2A2F80031AD3C /* LaunchScreen.storyboard */; };
		5FA7503D28E2A2F80031AD3C /* main.m in Sources */ = {isa = PBXBuildFile; fileRef = 5FA7503C28E2A2F80031AD3C /* main.m */; };
/* End PBXBuildFile section */

/* Begin PBXFileReference section */
		5F6D349228E3B41B00982344 /* DetailViewController.h */ = {isa = PBXFileReference; lastKnownFileType = sourcecode.c.h; path = DetailViewController.h; sourceTree = "<group>"; };
		5F6D349328E3B41B00982344 /* DetailViewController.m */ = {isa = PBXFileReference; lastKnownFileType = sourcecode.c.objc; path = DetailViewController.m; sourceTree = "<group>"; };
		5FA7502728E2A2F70031AD3C /* StudioGhibli.app */ = {isa = PBXFileReference; explicitFileType = wrapper.application; includeInIndex = 0; path = StudioGhibli.app; sourceTree = BUILT_PRODUCTS_DIR; };
		5FA7502A28E2A2F70031AD3C /* AppDelegate.h */ = {isa = PBXFileReference; lastKnownFileType = sourcecode.c.h; path = AppDelegate.h; sourceTree = "<group>"; };
		5FA7502B28E2A2F70031AD3C /* AppDelegate.m */ = {isa = PBXFileReference; lastKnownFileType = sourcecode.c.objc; path = AppDelegate.m; sourceTree = "<group>"; };
		5FA7502D28E2A2F70031AD3C /* SceneDelegate.h */ = {isa = PBXFileReference; lastKnownFileType = sourcecode.c.h; path = SceneDelegate.h; sourceTree = "<group>"; };
		5FA7502E28E2A2F70031AD3C /* SceneDelegate.m */ = {isa = PBXFileReference; lastKnownFileType = sourcecode.c.objc; path = SceneDelegate.m; sourceTree = "<group>"; };
		5FA7503028E2A2F70031AD3C /* ViewController.h */ = {isa = PBXFileReference; lastKnownFileType = sourcecode.c.h; path = ViewController.h; sourceTree = "<group>"; };
		5FA7503128E2A2F70031AD3C /* ViewController.m */ = {isa = PBXFileReference; lastKnownFileType = sourcecode.c.objc; path = ViewController.m; sourceTree = "<group>"; };
		5FA7503428E2A2F70031AD3C /* Base */ = {isa = PBXFileReference; lastKnownFileType = file.storyboard; name = Base; path = Base.lproj/Main.storyboard; sourceTree = "<group>"; };
		5FA7503628E2A2F80031AD3C /* Assets.xcassets */ = {isa = PBXFileReference; lastKnownFileType = folder.assetcatalog; path = Assets.xcassets; sourceTree = "<group>"; };
		5FA7503928E2A2F80031AD3C /* Base */ = {isa = PBXFileReference; lastKnownFileType = file.storyboard; name = Base; path = Base.lproj/LaunchScreen.storyboard; sourceTree = "<group>"; };
		5FA7503B28E2A2F80031AD3C /* Info.plist */ = {isa = PBXFileReference; lastKnownFileType = text.plist.xml; path = Info.plist; sourceTree = "<group>"; };
		5FA7503C28E2A2F80031AD3C /* main.m */ = {isa = PBXFileReference; lastKnownFileType = sourcecode.c.objc; path = main.m; sourceTree = "<group>"; };
/* End PBXFileReference section */

/* Begin PBXFrameworksBuildPhase section */
		5FA7502428E2A2F70031AD3C /* Frameworks */ = {
			isa = PBXFrameworksBuildPhase;
			buildActionMask = 2147483647;
			files = (
			);
			runOnlyForDeploymentPostprocessing = 0;
		};
/* End PBXFrameworksBuildPhase section */

/* Begin PBXGroup section */
		5F6D349528E3BEDC00982344 /* Controller */ = {
			isa = PBXGroup;
			children = (
				5FA7503028E2A2F70031AD3C /* ViewController.h */,
				5FA7503128E2A2F70031AD3C /* ViewController.m */,
				5F6D349228E3B41B00982344 /* DetailViewController.h */,
				5F6D349328E3B41B00982344 /* DetailViewController.m */,
			);
			path = Controller;
			sourceTree = "<group>";
		};
		5FA7501E28E2A2F70031AD3C = {
			isa = PBXGroup;
			children = (
				5FA7502928E2A2F70031AD3C /* StudioGhibli */,
				5FA7502828E2A2F70031AD3C /* Products */,
			);
			sourceTree = "<group>";
		};
		5FA7502828E2A2F70031AD3C /* Products */ = {
			isa = PBXGroup;
			children = (
				5FA7502728E2A2F70031AD3C /* StudioGhibli.app */,
			);
			name = Products;
			sourceTree = "<group>";
		};
		5FA7502928E2A2F70031AD3C /* StudioGhibli */ = {
			isa = PBXGroup;
			children = (
				5FA7502A28E2A2F70031AD3C /* AppDelegate.h */,
				5FA7502B28E2A2F70031AD3C /* AppDelegate.m */,
				5FA7502D28E2A2F70031AD3C /* SceneDelegate.h */,
				5FA7502E28E2A2F70031AD3C /* SceneDelegate.m */,
				5F6D349528E3BEDC00982344 /* Controller */,
				5FA7503328E2A2F70031AD3C /* Main.storyboard */,
				5FA7503628E2A2F80031AD3C /* Assets.xcassets */,
				5FA7503828E2A2F80031AD3C /* LaunchScreen.storyboard */,
				5FA7503B28E2A2F80031AD3C /* Info.plist */,
				5FA7503C28E2A2F80031AD3C /* main.m */,
			);
			path = StudioGhibli;
			sourceTree = "<group>";
		};
/* End PBXGroup section */

/* Begin PBXNativeTarget section */
		5FA7502628E2A2F70031AD3C /* StudioGhibli */ = {
			isa = PBXNativeTarget;
			buildConfigurationList = 5FA7504028E2A2F80031AD3C /* Build configuration list for PBXNativeTarget "StudioGhibli" */;
			buildPhases = (
				5FA7502328E2A2F70031AD3C /* Sources */,
				5FA7502428E2A2F70031AD3C /* Frameworks */,
				5FA7502528E2A2F70031AD3C /* Resources */,
			);
			buildRules = (
			);
			dependencies = (
			);
			name = StudioGhibli;
			productName = StudioGhibli;
			productReference = 5FA7502728E2A2F70031AD3C /* StudioGhibli.app */;
			productType = "com.apple.product-type.application";
		};
/* End PBXNativeTarget section */

/* Begin PBXProject section */
		5FA7501F28E2A2F70031AD3C /* Project object */ = {
			isa = PBXProject;
			attributes = {
				BuildIndependentTargetsInParallel = 1;
				LastUpgradeCheck = 1340;
				TargetAttributes = {
					5FA7502628E2A2F70031AD3C = {
						CreatedOnToolsVersion = 13.4.1;
					};
				};
			};
			buildConfigurationList = 5FA7502228E2A2F70031AD3C /* Build configuration list for PBXProject "StudioGhibli" */;
			compatibilityVersion = "Xcode 13.0";
			developmentRegion = en;
			hasScannedForEncodings = 0;
			knownRegions = (
				en,
				Base,
			);
			mainGroup = 5FA7501E28E2A2F70031AD3C;
			productRefGroup = 5FA7502828E2A2F70031AD3C /* Products */;
			projectDirPath = "";
			projectRoot = "";
			targets = (
				5FA7502628E2A2F70031AD3C /* StudioGhibli */,
			);
		};
/* End PBXProject section */

/* Begin PBXResourcesBuildPhase section */
		5FA7502528E2A2F70031AD3C /* Resources */ = {
			isa = PBXResourcesBuildPhase;
			buildActionMask = 2147483647;
			files = (
				5FA7503A28E2A2F80031AD3C /* LaunchScreen.storyboard in Resources */,
				5FA7503728E2A2F80031AD3C /* Assets.xcassets in Resources */,
				5FA7503528E2A2F70031AD3C /* Main.storyboard in Resources */,
			);
			runOnlyForDeploymentPostprocessing = 0;
		};
/* End PBXResourcesBuildPhase section */

/* Begin PBXSourcesBuildPhase section */
		5FA7502328E2A2F70031AD3C /* Sources */ = {
			isa = PBXSourcesBuildPhase;
			buildActionMask = 2147483647;
			files = (
				5F6D349428E3B41B00982344 /* DetailViewController.m in Sources */,
				5FA7503228E2A2F70031AD3C /* ViewController.m in Sources */,
				5FA7502C28E2A2F70031AD3C /* AppDelegate.m in Sources */,
				5FA7503D28E2A2F80031AD3C /* main.m in Sources */,
				5FA7502F28E2A2F70031AD3C /* SceneDelegate.m in Sources */,
			);
			runOnlyForDeploymentPostprocessing = 0;
		};
/* End PBXSourcesBuildPhase section */

/* Begin PBXVariantGroup section */
		5FA7503328E2A2F70031AD3C /* Main.storyboard */ = {
			isa = PBXVariantGroup;
			children = (
				5FA7503428E2A2F70031AD3C /* Base */,
			);
			name = Main.storyboard;
			sourceTree = "<group>";
		};
		5FA7503828E2A2F80031AD3C /* LaunchScreen.storyboard */ = {
			isa = PBXVariantGroup;
			children = (
				5FA7503928E2A2F80031AD3C /* Base */,
			);
			name = LaunchScreen.storyboard;
			sourceTree = "<group>";
		};
/* End PBXVariantGroup section */

/* Begin XCBuildConfiguration section */
		5FA7503E28E2A2F80031AD3C /* Debug */ = {
			isa = XCBuildConfiguration;
			buildSettings = {
				ALWAYS_SEARCH_USER_PATHS = NO;
				CLANG_ANALYZER_NONNULL = YES;
				CLANG_ANALYZER_NUMBER_OBJECT_CONVERSION = YES_AGGRESSIVE;
				CLANG_CXX_LANGUAGE_STANDARD = "gnu++17";
				CLANG_ENABLE_MODULES = YES;
				CLANG_ENABLE_OBJC_ARC = YES;
				CLANG_ENABLE_OBJC_WEAK = YES;
				CLANG_WARN_BLOCK_CAPTURE_AUTORELEASING = YES;
				CLANG_WARN_BOOL_CONVERSION = YES;
				CLANG_WARN_COMMA = YES;
				CLANG_WARN_CONSTANT_CONVERSION = YES;
				CLANG_WARN_DEPRECATED_OBJC_IMPLEMENTATIONS = YES;
				CLANG_WARN_DIRECT_OBJC_ISA_USAGE = YES_ERROR;
				CLANG_WARN_DOCUMENTATION_COMMENTS = YES;
				CLANG_WARN_EMPTY_BODY = YES;
				CLANG_WARN_ENUM_CONVERSION = YES;
				CLANG_WARN_INFINITE_RECURSION = YES;
				CLANG_WARN_INT_CONVERSION = YES;
				CLANG_WARN_NON_LITERAL_NULL_CONVERSION = YES;
				CLANG_WARN_OBJC_IMPLICIT_RETAIN_SELF = YES;
				CLANG_WARN_OBJC_LITERAL_CONVERSION = YES;
				CLANG_WARN_OBJC_ROOT_CLASS = YES_ERROR;
				CLANG_WARN_QUOTED_INCLUDE_IN_FRAMEWORK_HEADER = YES;
				CLANG_WARN_RANGE_LOOP_ANALYSIS = YES;
				CLANG_WARN_STRICT_PROTOTYPES = YES;
				CLANG_WARN_SUSPICIOUS_MOVE = YES;
				CLANG_WARN_UNGUARDED_AVAILABILITY = YES_AGGRESSIVE;
				CLANG_WARN_UNREACHABLE_CODE = YES;
				CLANG_WARN__DUPLICATE_METHOD_MATCH = YES;
				COPY_PHASE_STRIP = NO;
				DEBUG_INFORMATION_FORMAT = dwarf;
				ENABLE_STRICT_OBJC_MSGSEND = YES;
				ENABLE_TESTABILITY = YES;
				GCC_C_LANGUAGE_STANDARD = gnu11;
				GCC_DYNAMIC_NO_PIC = NO;
				GCC_NO_COMMON_BLOCKS = YES;
				GCC_OPTIMIZATION_LEVEL = 0;
				GCC_PREPROCESSOR_DEFINITIONS = (
					"DEBUG=1",
					"$(inherited)",
				);
				GCC_WARN_64_TO_32_BIT_CONVERSION = YES;
				GCC_WARN_ABOUT_RETURN_TYPE = YES_ERROR;
				GCC_WARN_UNDECLARED_SELECTOR = YES;
				GCC_WARN_UNINITIALIZED_AUTOS = YES_AGGRESSIVE;
				GCC_WARN_UNUSED_FUNCTION = YES;
				GCC_WARN_UNUSED_VARIABLE = YES;
				IPHONEOS_DEPLOYMENT_TARGET = 15.5;
				MTL_ENABLE_DEBUG_INFO = INCLUDE_SOURCE;
				MTL_FAST_MATH = YES;
				ONLY_ACTIVE_ARCH = YES;
				SDKROOT = iphoneos;
			};
			name = Debug;
		};
		5FA7503F28E2A2F80031AD3C /* Release */ = {
			isa = XCBuildConfiguration;
			buildSettings = {
				ALWAYS_SEARCH_USER_PATHS = NO;
				CLANG_ANALYZER_NONNULL = YES;
				CLANG_ANALYZER_NUMBER_OBJECT_CONVERSION = YES_AGGRESSIVE;
				CLANG_CXX_LANGUAGE_STANDARD = "gnu++17";
				CLANG_ENABLE_MODULES = YES;
				CLANG_ENABLE_OBJC_ARC = YES;
				CLANG_ENABLE_OBJC_WEAK = YES;
				CLANG_WARN_BLOCK_CAPTURE_AUTORELEASING = YES;
				CLANG_WARN_BOOL_CONVERSION = YES;
				CLANG_WARN_COMMA = YES;
				CLANG_WARN_CONSTANT_CONVERSION = YES;
				CLANG_WARN_DEPRECATED_OBJC_IMPLEMENTATIONS = YES;
				CLANG_WARN_DIRECT_OBJC_ISA_USAGE = YES_ERROR;
				CLANG_WARN_DOCUMENTATION_COMMENTS = YES;
				CLANG_WARN_EMPTY_BODY = YES;
				CLANG_WARN_ENUM_CONVERSION = YES;
				CLANG_WARN_INFINITE_RECURSION = YES;
				CLANG_WARN_INT_CONVERSION = YES;
				CLANG_WARN_NON_LITERAL_NULL_CONVERSION = YES;
				CLANG_WARN_OBJC_IMPLICIT_RETAIN_SELF = YES;
				CLANG_WARN_OBJC_LITERAL_CONVERSION = YES;
				CLANG_WARN_OBJC_ROOT_CLASS = YES_ERROR;
				CLANG_WARN_QUOTED_INCLUDE_IN_FRAMEWORK_HEADER = YES;
				CLANG_WARN_RANGE_LOOP_ANALYSIS = YES;
				CLANG_WARN_STRICT_PROTOTYPES = YES;
				CLANG_WARN_SUSPICIOUS_MOVE = YES;
				CLANG_WARN_UNGUARDED_AVAILABILITY = YES_AGGRESSIVE;
				CLANG_WARN_UNREACHABLE_CODE = YES;
				CLANG_WARN__DUPLICATE_METHOD_MATCH = YES;
				COPY_PHASE_STRIP = NO;
				DEBUG_INFORMATION_FORMAT = "dwarf-with-dsym";
				ENABLE_NS_ASSERTIONS = NO;
				ENABLE_STRICT_OBJC_MSGSEND = YES;
				GCC_C_LANGUAGE_STANDARD = gnu11;
				GCC_NO_COMMON_BLOCKS = YES;
				GCC_WARN_64_TO_32_BIT_CONVERSION = YES;
				GCC_WARN_ABOUT_RETURN_TYPE = YES_ERROR;
				GCC_WARN_UNDECLARED_SELECTOR = YES;
				GCC_WARN_UNINITIALIZED_AUTOS = YES_AGGRESSIVE;
				GCC_WARN_UNUSED_FUNCTION = YES;
				GCC_WARN_UNUSED_VARIABLE = YES;
				IPHONEOS_DEPLOYMENT_TARGET = 15.5;
				MTL_ENABLE_DEBUG_INFO = NO;
				MTL_FAST_MATH = YES;
				SDKROOT = iphoneos;
				VALIDATE_PRODUCT = YES;
			};
			name = Release;
		};
		5FA7504128E2A2F80031AD3C /* Debug */ = {
			isa = XCBuildConfiguration;
			buildSettings = {
				ASSETCATALOG_COMPILER_APPICON_NAME = AppIcon;
				ASSETCATALOG_COMPILER_GLOBAL_ACCENT_COLOR_NAME = AccentColor;
				CODE_SIGN_STYLE = Automatic;
				CURRENT_PROJECT_VERSION = 1;
				DEVELOPMENT_TEAM = ZMB247G86S;
				GENERATE_INFOPLIST_FILE = YES;
				INFOPLIST_FILE = StudioGhibli/Info.plist;
				INFOPLIST_KEY_UIApplicationSupportsIndirectInputEvents = YES;
				INFOPLIST_KEY_UILaunchStoryboardName = LaunchScreen;
				INFOPLIST_KEY_UIMainStoryboardFile = Main;
				INFOPLIST_KEY_UISupportedInterfaceOrientations_iPad = "UIInterfaceOrientationPortrait UIInterfaceOrientationPortraitUpsideDown UIInterfaceOrientationLandscapeLeft UIInterfaceOrientationLandscapeRight";
				INFOPLIST_KEY_UISupportedInterfaceOrientations_iPhone = "UIInterfaceOrientationPortrait UIInterfaceOrientationLandscapeLeft UIInterfaceOrientationLandscapeRight";
				IPHONEOS_DEPLOYMENT_TARGET = 15.0;
				LD_RUNPATH_SEARCH_PATHS = (
					"$(inherited)",
					"@executable_path/Frameworks",
				);
				MARKETING_VERSION = 1.0;
				PRODUCT_BUNDLE_IDENTIFIER = com.cage.StudioGhibli;
				PRODUCT_NAME = "$(TARGET_NAME)";
				SWIFT_EMIT_LOC_STRINGS = YES;
				TARGETED_DEVICE_FAMILY = "1,2";
			};
			name = Debug;
		};
		5FA7504228E2A2F80031AD3C /* Release */ = {
			isa = XCBuildConfiguration;
			buildSettings = {
				ASSETCATALOG_COMPILER_APPICON_NAME = AppIcon;
				ASSETCATALOG_COMPILER_GLOBAL_ACCENT_COLOR_NAME = AccentColor;
				CODE_SIGN_STYLE = Automatic;
				CURRENT_PROJECT_VERSION = 1;
				DEVELOPMENT_TEAM = ZMB247G86S;
				GENERATE_INFOPLIST_FILE = YES;
				INFOPLIST_FILE = StudioGhibli/Info.plist;
				INFOPLIST_KEY_UIApplicationSupportsIndirectInputEvents = YES;
				INFOPLIST_KEY_UILaunchStoryboardName = LaunchScreen;
				INFOPLIST_KEY_UIMainStoryboardFile = Main;
				INFOPLIST_KEY_UISupportedInterfaceOrientations_iPad = "UIInterfaceOrientationPortrait UIInterfaceOrientationPortraitUpsideDown UIInterfaceOrientationLandscapeLeft UIInterfaceOrientationLandscapeRight";
				INFOPLIST_KEY_UISupportedInterfaceOrientations_iPhone = "UIInterfaceOrientationPortrait UIInterfaceOrientationLandscapeLeft UIInterfaceOrientationLandscapeRight";
				IPHONEOS_DEPLOYMENT_TARGET = 15.0;
				LD_RUNPATH_SEARCH_PATHS = (
					"$(inherited)",
					"@executable_path/Frameworks",
				);
				MARKETING_VERSION = 1.0;
				PRODUCT_BUNDLE_IDENTIFIER = com.cage.StudioGhibli;
				PRODUCT_NAME = "$(TARGET_NAME)";
				SWIFT_EMIT_LOC_STRINGS = YES;
				TARGETED_DEVICE_FAMILY = "1,2";
			};
			name = Release;
		};
/* End XCBuildConfiguration section */

/* Begin XCConfigurationList section */
		5FA7502228E2A2F70031AD3C /* Build configuration list for PBXProject "StudioGhibli" */ = {
			isa = XCConfigurationList;
			buildConfigurations = (
				5FA7503E28E2A2F80031AD3C /* Debug */,
				5FA7503F28E2A2F80031AD3C /* Release */,
			);
			defaultConfigurationIsVisible = 0;
			defaultConfigurationName = Release;
		};
		5FA7504028E2A2F80031AD3C /* Build configuration list for PBXNativeTarget "StudioGhibli" */ = {
			isa = XCConfigurationList;
			buildConfigurations = (
				5FA7504128E2A2F80031AD3C /* Debug */,
				5FA7504228E2A2F80031AD3C /* Release */,
			);
			defaultConfigurationIsVisible = 0;
			defaultConfigurationName = Release;
		};
/* End XCConfigurationList section */
	};
	rootObject = 5FA7501F28E2A2F70031AD3C /* Project object */;
}
